// !$*UTF8*$!
{
	archiveVersion = 1;
	classes = {
	};
	objectVersion = 55;
	objects = {

/* Begin PBXBuildFile section */
		C760A0A82869FEE60090FE60 /* main.cpp in Sources */ = {isa = PBXBuildFile; fileRef = C760A0A72869FEE60090FE60 /* main.cpp */; };
		C760A0B2286B9CFB0090FE60 /* Accelerate.framework in Frameworks */ = {isa = PBXBuildFile; fileRef = C760A0B1286B9CFB0090FE60 /* Accelerate.framework */; };
/* End PBXBuildFile section */

/* Begin PBXCopyFilesBuildPhase section */
		C760A0A22869FEE60090FE60 /* CopyFiles */ = {
			isa = PBXCopyFilesBuildPhase;
			buildActionMask = 2147483647;
			dstPath = /usr/share/man/man1/;
			dstSubfolderSpec = 0;
			files = (
			);
			runOnlyForDeploymentPostprocessing = 1;
		};
/* End PBXCopyFilesBuildPhase section */

/* Begin PBXFileReference section */
		C760A0A42869FEE60090FE60 /* Sundials_Trial */ = {isa = PBXFileReference; explicitFileType = "compiled.mach-o.executable"; includeInIndex = 0; path = Sundials_Trial; sourceTree = BUILT_PRODUCTS_DIR; };
		C760A0A72869FEE60090FE60 /* main.cpp */ = {isa = PBXFileReference; lastKnownFileType = sourcecode.cpp.cpp; path = main.cpp; sourceTree = "<group>"; };
		C760A0AE286A182C0090FE60 /* nvector_custom.hpp */ = {isa = PBXFileReference; lastKnownFileType = sourcecode.cpp.h; path = nvector_custom.hpp; sourceTree = "<group>"; };
		C760A0AF286B7CA80090FE60 /* matrix_custom.hpp */ = {isa = PBXFileReference; lastKnownFileType = sourcecode.cpp.h; path = matrix_custom.hpp; sourceTree = "<group>"; };
		C760A0B1286B9CFB0090FE60 /* Accelerate.framework */ = {isa = PBXFileReference; lastKnownFileType = wrapper.framework; name = Accelerate.framework; path = System/Library/Frameworks/Accelerate.framework; sourceTree = SDKROOT; };
		C760A0B3286BA10C0090FE60 /* linear_solve_custom.hpp */ = {isa = PBXFileReference; lastKnownFileType = sourcecode.cpp.h; path = linear_solve_custom.hpp; sourceTree = "<group>"; };
/* End PBXFileReference section */

/* Begin PBXFrameworksBuildPhase section */
		C760A0A12869FEE60090FE60 /* Frameworks */ = {
			isa = PBXFrameworksBuildPhase;
			buildActionMask = 2147483647;
			files = (
				C760A0B2286B9CFB0090FE60 /* Accelerate.framework in Frameworks */,
			);
			runOnlyForDeploymentPostprocessing = 0;
		};
/* End PBXFrameworksBuildPhase section */

/* Begin PBXGroup section */
		C760A09B2869FEE60090FE60 = {
			isa = PBXGroup;
			children = (
				C760A0A62869FEE60090FE60 /* Sundials_Trial */,
				C760A0A52869FEE60090FE60 /* Products */,
				C760A0B0286B9CFB0090FE60 /* Frameworks */,
			);
			sourceTree = "<group>";
		};
		C760A0A52869FEE60090FE60 /* Products */ = {
			isa = PBXGroup;
			children = (
				C760A0A42869FEE60090FE60 /* Sundials_Trial */,
			);
			name = Products;
			sourceTree = "<group>";
		};
		C760A0A62869FEE60090FE60 /* Sundials_Trial */ = {
			isa = PBXGroup;
			children = (
				C760A0A72869FEE60090FE60 /* main.cpp */,
				C760A0AE286A182C0090FE60 /* nvector_custom.hpp */,
				C760A0AF286B7CA80090FE60 /* matrix_custom.hpp */,
				C760A0B3286BA10C0090FE60 /* linear_solve_custom.hpp */,
			);
			path = Sundials_Trial;
			sourceTree = "<group>";
		};
		C760A0B0286B9CFB0090FE60 /* Frameworks */ = {
			isa = PBXGroup;
			children = (
				C760A0B1286B9CFB0090FE60 /* Accelerate.framework */,
			);
			name = Frameworks;
			sourceTree = "<group>";
		};
/* End PBXGroup section */

/* Begin PBXNativeTarget section */
		C760A0A32869FEE60090FE60 /* Sundials_Trial */ = {
			isa = PBXNativeTarget;
			buildConfigurationList = C760A0AB2869FEE60090FE60 /* Build configuration list for PBXNativeTarget "Sundials_Trial" */;
			buildPhases = (
				C760A0A02869FEE60090FE60 /* Sources */,
				C760A0A12869FEE60090FE60 /* Frameworks */,
				C760A0A22869FEE60090FE60 /* CopyFiles */,
			);
			buildRules = (
			);
			dependencies = (
			);
			name = Sundials_Trial;
			productName = Sundials_Trial;
			productReference = C760A0A42869FEE60090FE60 /* Sundials_Trial */;
			productType = "com.apple.product-type.tool";
		};
/* End PBXNativeTarget section */

/* Begin PBXProject section */
		C760A09C2869FEE60090FE60 /* Project object */ = {
			isa = PBXProject;
			attributes = {
				BuildIndependentTargetsInParallel = 1;
				LastUpgradeCheck = 1340;
				TargetAttributes = {
					C760A0A32869FEE60090FE60 = {
						CreatedOnToolsVersion = 13.4;
					};
				};
			};
			buildConfigurationList = C760A09F2869FEE60090FE60 /* Build configuration list for PBXProject "Sundials_Trial" */;
			compatibilityVersion = "Xcode 13.0";
			developmentRegion = en;
			hasScannedForEncodings = 0;
			knownRegions = (
				en,
				Base,
			);
			mainGroup = C760A09B2869FEE60090FE60;
			productRefGroup = C760A0A52869FEE60090FE60 /* Products */;
			projectDirPath = "";
			projectRoot = "";
			targets = (
				C760A0A32869FEE60090FE60 /* Sundials_Trial */,
			);
		};
/* End PBXProject section */

/* Begin PBXSourcesBuildPhase section */
		C760A0A02869FEE60090FE60 /* Sources */ = {
			isa = PBXSourcesBuildPhase;
			buildActionMask = 2147483647;
			files = (
				C760A0A82869FEE60090FE60 /* main.cpp in Sources */,
			);
			runOnlyForDeploymentPostprocessing = 0;
		};
/* End PBXSourcesBuildPhase section */

/* Begin XCBuildConfiguration section */
		C760A0A92869FEE60090FE60 /* Debug */ = {
			isa = XCBuildConfiguration;
			buildSettings = {
				ALWAYS_SEARCH_USER_PATHS = NO;
				CLANG_ANALYZER_NONNULL = YES;
				CLANG_ANALYZER_NUMBER_OBJECT_CONVERSION = YES_AGGRESSIVE;
				CLANG_CXX_LANGUAGE_STANDARD = "gnu++17";
				CLANG_ENABLE_MODULES = YES;
				CLANG_ENABLE_OBJC_ARC = YES;
				CLANG_ENABLE_OBJC_WEAK = YES;
				CLANG_WARN_BLOCK_CAPTURE_AUTORELEASING = YES;
				CLANG_WARN_BOOL_CONVERSION = YES;
				CLANG_WARN_COMMA = YES;
				CLANG_WARN_CONSTANT_CONVERSION = YES;
				CLANG_WARN_DEPRECATED_OBJC_IMPLEMENTATIONS = YES;
				CLANG_WARN_DIRECT_OBJC_ISA_USAGE = YES_ERROR;
				CLANG_WARN_DOCUMENTATION_COMMENTS = YES;
				CLANG_WARN_EMPTY_BODY = YES;
				CLANG_WARN_ENUM_CONVERSION = YES;
				CLANG_WARN_INFINITE_RECURSION = YES;
				CLANG_WARN_INT_CONVERSION = YES;
				CLANG_WARN_NON_LITERAL_NULL_CONVERSION = YES;
				CLANG_WARN_OBJC_IMPLICIT_RETAIN_SELF = YES;
				CLANG_WARN_OBJC_LITERAL_CONVERSION = YES;
				CLANG_WARN_OBJC_ROOT_CLASS = YES_ERROR;
				CLANG_WARN_QUOTED_INCLUDE_IN_FRAMEWORK_HEADER = YES;
				CLANG_WARN_RANGE_LOOP_ANALYSIS = YES;
				CLANG_WARN_STRICT_PROTOTYPES = YES;
				CLANG_WARN_SUSPICIOUS_MOVE = YES;
				CLANG_WARN_UNGUARDED_AVAILABILITY = YES_AGGRESSIVE;
				CLANG_WARN_UNREACHABLE_CODE = YES;
				CLANG_WARN__DUPLICATE_METHOD_MATCH = YES;
				COPY_PHASE_STRIP = NO;
				DEBUG_INFORMATION_FORMAT = dwarf;
				ENABLE_STRICT_OBJC_MSGSEND = YES;
				ENABLE_TESTABILITY = YES;
				GCC_C_LANGUAGE_STANDARD = gnu11;
				GCC_DYNAMIC_NO_PIC = NO;
				GCC_NO_COMMON_BLOCKS = YES;
				GCC_OPTIMIZATION_LEVEL = 0;
				GCC_PREPROCESSOR_DEFINITIONS = (
					"DEBUG=1",
					"$(inherited)",
				);
				GCC_WARN_64_TO_32_BIT_CONVERSION = YES;
				GCC_WARN_ABOUT_RETURN_TYPE = YES_ERROR;
				GCC_WARN_UNDECLARED_SELECTOR = YES;
				GCC_WARN_UNINITIALIZED_AUTOS = YES_AGGRESSIVE;
				GCC_WARN_UNUSED_FUNCTION = YES;
				GCC_WARN_UNUSED_VARIABLE = YES;
				HEADER_SEARCH_PATHS = /usr/local/include;
				LIBRARY_SEARCH_PATHS = /usr/local/lib;
				MACOSX_DEPLOYMENT_TARGET = 12.3;
				MTL_ENABLE_DEBUG_INFO = INCLUDE_SOURCE;
				MTL_FAST_MATH = YES;
				ONLY_ACTIVE_ARCH = YES;
				OTHER_LDFLAGS = "-lsundials_cvode";
				SDKROOT = macosx;
				SYSTEM_HEADER_SEARCH_PATHS = "";
				USER_HEADER_SEARCH_PATHS = "";
			};
			name = Debug;
		};
		C760A0AA2869FEE60090FE60 /* Release */ = {
			isa = XCBuildConfiguration;
			buildSettings = {
				ALWAYS_SEARCH_USER_PATHS = NO;
				CLANG_ANALYZER_NONNULL = YES;
				CLANG_ANALYZER_NUMBER_OBJECT_CONVERSION = YES_AGGRESSIVE;
				CLANG_CXX_LANGUAGE_STANDARD = "gnu++17";
				CLANG_ENABLE_MODULES = YES;
				CLANG_ENABLE_OBJC_ARC = YES;
				CLANG_ENABLE_OBJC_WEAK = YES;
				CLANG_WARN_BLOCK_CAPTURE_AUTORELEASING = YES;
				CLANG_WARN_BOOL_CONVERSION = YES;
				CLANG_WARN_COMMA = YES;
				CLANG_WARN_CONSTANT_CONVERSION = YES;
				CLANG_WARN_DEPRECATED_OBJC_IMPLEMENTATIONS = YES;
				CLANG_WARN_DIRECT_OBJC_ISA_USAGE = YES_ERROR;
				CLANG_WARN_DOCUMENTATION_COMMENTS = YES;
				CLANG_WARN_EMPTY_BODY = YES;
				CLANG_WARN_ENUM_CONVERSION = YES;
				CLANG_WARN_INFINITE_RECURSION = YES;
				CLANG_WARN_INT_CONVERSION = YES;
				CLANG_WARN_NON_LITERAL_NULL_CONVERSION = YES;
				CLANG_WARN_OBJC_IMPLICIT_RETAIN_SELF = YES;
				CLANG_WARN_OBJC_LITERAL_CONVERSION = YES;
				CLANG_WARN_OBJC_ROOT_CLASS = YES_ERROR;
				CLANG_WARN_QUOTED_INCLUDE_IN_FRAMEWORK_HEADER = YES;
				CLANG_WARN_RANGE_LOOP_ANALYSIS = YES;
				CLANG_WARN_STRICT_PROTOTYPES = YES;
				CLANG_WARN_SUSPICIOUS_MOVE = YES;
				CLANG_WARN_UNGUARDED_AVAILABILITY = YES_AGGRESSIVE;
				CLANG_WARN_UNREACHABLE_CODE = YES;
				CLANG_WARN__DUPLICATE_METHOD_MATCH = YES;
				COPY_PHASE_STRIP = NO;
				DEBUG_INFORMATION_FORMAT = "dwarf-with-dsym";
				ENABLE_NS_ASSERTIONS = NO;
				ENABLE_STRICT_OBJC_MSGSEND = YES;
				GCC_C_LANGUAGE_STANDARD = gnu11;
				GCC_NO_COMMON_BLOCKS = YES;
				GCC_WARN_64_TO_32_BIT_CONVERSION = YES;
				GCC_WARN_ABOUT_RETURN_TYPE = YES_ERROR;
				GCC_WARN_UNDECLARED_SELECTOR = YES;
				GCC_WARN_UNINITIALIZED_AUTOS = YES_AGGRESSIVE;
				GCC_WARN_UNUSED_FUNCTION = YES;
				GCC_WARN_UNUSED_VARIABLE = YES;
				HEADER_SEARCH_PATHS = /usr/local/include;
				LIBRARY_SEARCH_PATHS = /usr/local/lib;
				MACOSX_DEPLOYMENT_TARGET = 12.3;
				MTL_ENABLE_DEBUG_INFO = NO;
				MTL_FAST_MATH = YES;
				OTHER_LDFLAGS = "-lsundials_cvode";
				SDKROOT = macosx;
				SYSTEM_HEADER_SEARCH_PATHS = "";
				USER_HEADER_SEARCH_PATHS = "";
			};
			name = Release;
		};
		C760A0AC2869FEE60090FE60 /* Debug */ = {
			isa = XCBuildConfiguration;
			buildSettings = {
				CLANG_ADDRESS_SANITIZER_CONTAINER_OVERFLOW = YES;
				CODE_SIGN_STYLE = Automatic;
				OTHER_CPLUSPLUSFLAGS = (
					"$(OTHER_CFLAGS)",
					"-fsanitize=address",
				);
				OTHER_LDFLAGS = (
					"-lsundials_cvode",
					"-fsanitize=address",
				);
				PRODUCT_NAME = "$(TARGET_NAME)";
			};
			name = Debug;
		};
		C760A0AD2869FEE60090FE60 /* Release */ = {
			isa = XCBuildConfiguration;
			buildSettings = {
				CLANG_ADDRESS_SANITIZER_CONTAINER_OVERFLOW = YES;
				CODE_SIGN_STYLE = Automatic;
				OTHER_CPLUSPLUSFLAGS = (
					"$(OTHER_CFLAGS)",
					"-fsanitize=address",
				);
				OTHER_LDFLAGS = (
					"-lsundials_cvode",
					"-fsanitize=address",
				);
				PRODUCT_NAME = "$(TARGET_NAME)";
			};
			name = Release;
		};
/* End XCBuildConfiguration section */

/* Begin XCConfigurationList section */
		C760A09F2869FEE60090FE60 /* Build configuration list for PBXProject "Sundials_Trial" */ = {
			isa = XCConfigurationList;
			buildConfigurations = (
				C760A0A92869FEE60090FE60 /* Debug */,
				C760A0AA2869FEE60090FE60 /* Release */,
			);
			defaultConfigurationIsVisible = 0;
			defaultConfigurationName = Release;
		};
		C760A0AB2869FEE60090FE60 /* Build configuration list for PBXNativeTarget "Sundials_Trial" */ = {
			isa = XCConfigurationList;
			buildConfigurations = (
				C760A0AC2869FEE60090FE60 /* Debug */,
				C760A0AD2869FEE60090FE60 /* Release */,
			);
			defaultConfigurationIsVisible = 0;
			defaultConfigurationName = Release;
		};
/* End XCConfigurationList section */
	};
	rootObject = C760A09C2869FEE60090FE60 /* Project object */;
}
